
Microsoft Visual Studio Solution File, Format Version 12.00
# Visual Studio Version 16
VisualStudioVersion = 16.0.31321.278
MinimumVisualStudioVersion = 10.0.40219.1
Project("{FAE04EC0-301F-11D3-BF4B-00C04F79EFBC}") = "SP4", "SP4\SP4.csproj", "{2200637B-5714-4714-B4ED-476EA32C9DA7}"
EndProject
Global
	GlobalSection(SolutionConfigurationPlatforms) = preSolution
		Debug|Any CPU = Debug|Any CPU
		Release|Any CPU = Release|Any CPU
	EndGlobalSection
	GlobalSection(ProjectConfigurationPlatforms) = postSolution
		{2200637B-5714-4714-B4ED-476EA32C9DA7}.Debug|Any CPU.ActiveCfg = Debug|Any CPU
		{2200637B-5714-4714-B4ED-476EA32C9DA7}.Debug|Any CPU.Build.0 = Debug|Any CPU
		{2200637B-5714-4714-B4ED-476EA32C9DA7}.Release|Any CPU.ActiveCfg = Release|Any CPU
		{2200637B-5714-4714-B4ED-476EA32C9DA7}.Release|Any CPU.Build.0 = Release|Any CPU
	EndGlobalSection
	GlobalSection(SolutionProperties) = preSolution
		HideSolutionNode = FALSE
	EndGlobalSection
	GlobalSection(ExtensibilityGlobals) = postSolution
		SolutionGuid = {D9E8F2CE-016C-4567-B425-ABDB7BDB2556}
	EndGlobalSection
EndGlobal
